// !$*UTF8*$!
{
	archiveVersion = 1;
	classes = {
	};
	objectVersion = 48;
	objects = {

/* Begin PBXBuildFile section */
		A5799B5B1FBA706F00FD7C68 /* CheckIfConnected.cpp in Sources */ = {isa = PBXBuildFile; fileRef = A5799B5A1FBA706F00FD7C68 /* CheckIfConnected.cpp */; };
/* End PBXBuildFile section */

/* Begin PBXCopyFilesBuildPhase section */
		A53671131FB3D71D006E298E /* CopyFiles */ = {
			isa = PBXCopyFilesBuildPhase;
			buildActionMask = 2147483647;
			dstPath = /usr/share/man/man1/;
			dstSubfolderSpec = 0;
			files = (
			);
			runOnlyForDeploymentPostprocessing = 1;
		};
/* End PBXCopyFilesBuildPhase section */

/* Begin PBXFileReference section */
		A53671151FB3D71D006E298E /* Concate */ = {isa = PBXFileReference; explicitFileType = "compiled.mach-o.executable"; includeInIndex = 0; path = Concate; sourceTree = BUILT_PRODUCTS_DIR; };
		A536711F1FB3D74A006E298E /* concatenate.cpp */ = {isa = PBXFileReference; fileEncoding = 4; lastKnownFileType = sourcecode.cpp.cpp; name = concatenate.cpp; path = ../../linux/concatenate.cpp; sourceTree = "<group>"; };
		A53BEC0A1FB3FD2D00C3E5FC /* line.cpp */ = {isa = PBXFileReference; fileEncoding = 4; lastKnownFileType = sourcecode.cpp.cpp; name = line.cpp; path = ../../linux/line.cpp; sourceTree = "<group>"; };
		A53BEC0E1FB401D900C3E5FC /* libgsl.23.dylib */ = {isa = PBXFileReference; lastKnownFileType = "compiled.mach-o.dylib"; name = libgsl.23.dylib; path = ../../../../../usr/local/lib/libgsl.23.dylib; sourceTree = "<group>"; };
		A53BEC0F1FB401D900C3E5FC /* libgsl.a */ = {isa = PBXFileReference; lastKnownFileType = archive.ar; name = libgsl.a; path = ../../../../../usr/local/lib/libgsl.a; sourceTree = "<group>"; };
		A53BEC101FB401D900C3E5FC /* libgsl.la */ = {isa = PBXFileReference; lastKnownFileType = text; name = libgsl.la; path = ../../../../../usr/local/lib/libgsl.la; sourceTree = "<group>"; };
		A53BEC141FB403AD00C3E5FC /* reconstruct.cpp */ = {isa = PBXFileReference; fileEncoding = 4; lastKnownFileType = sourcecode.cpp.cpp; name = reconstruct.cpp; path = ../../linux/reconstruct.cpp; sourceTree = "<group>"; };
		A53BEC161FB4054B00C3E5FC /* test_adj_undirected.txt */ = {isa = PBXFileReference; fileEncoding = 4; lastKnownFileType = text; name = test_adj_undirected.txt; path = ../../../../Desktop/test_adj_undirected.txt; sourceTree = "<group>"; };
		A54EC6D61FB3E6DE009B5DB8 /* normalize.cpp */ = {isa = PBXFileReference; fileEncoding = 4; lastKnownFileType = sourcecode.cpp.cpp; name = normalize.cpp; path = ../../linux/normalize.cpp; sourceTree = "<group>"; };
		A5799B5A1FBA706F00FD7C68 /* CheckIfConnected.cpp */ = {isa = PBXFileReference; lastKnownFileType = sourcecode.cpp.cpp; path = CheckIfConnected.cpp; sourceTree = "<group>"; };
/* End PBXFileReference section */

/* Begin PBXFrameworksBuildPhase section */
		A53671121FB3D71D006E298E /* Frameworks */ = {
			isa = PBXFrameworksBuildPhase;
			buildActionMask = 2147483647;
			files = (
			);
			runOnlyForDeploymentPostprocessing = 0;
		};
/* End PBXFrameworksBuildPhase section */

/* Begin PBXGroup section */
		A536710C1FB3D71D006E298E = {
			isa = PBXGroup;
			children = (
				A53671171FB3D71D006E298E /* Concate */,
				A53671161FB3D71D006E298E /* Products */,
				A53BEC0D1FB401D900C3E5FC /* Frameworks */,
			);
			sourceTree = "<group>";
		};
		A53671161FB3D71D006E298E /* Products */ = {
			isa = PBXGroup;
			children = (
				A53671151FB3D71D006E298E /* Concate */,
			);
			name = Products;
			sourceTree = "<group>";
		};
		A53671171FB3D71D006E298E /* Concate */ = {
			isa = PBXGroup;
			children = (
				A53BEC0A1FB3FD2D00C3E5FC /* line.cpp */,
				A53BEC141FB403AD00C3E5FC /* reconstruct.cpp */,
				A53BEC161FB4054B00C3E5FC /* test_adj_undirected.txt */,
				A5799B5A1FBA706F00FD7C68 /* CheckIfConnected.cpp */,
				A54EC6D61FB3E6DE009B5DB8 /* normalize.cpp */,
				A536711F1FB3D74A006E298E /* concatenate.cpp */,
			);
			path = Concate;
			sourceTree = "<group>";
		};
		A53BEC0D1FB401D900C3E5FC /* Frameworks */ = {
			isa = PBXGroup;
			children = (
				A53BEC0E1FB401D900C3E5FC /* libgsl.23.dylib */,
				A53BEC0F1FB401D900C3E5FC /* libgsl.a */,
				A53BEC101FB401D900C3E5FC /* libgsl.la */,
			);
			name = Frameworks;
			sourceTree = "<group>";
		};
/* End PBXGroup section */

/* Begin PBXNativeTarget section */
		A53671141FB3D71D006E298E /* Concate */ = {
			isa = PBXNativeTarget;
			buildConfigurationList = A536711C1FB3D71D006E298E /* Build configuration list for PBXNativeTarget "Concate" */;
			buildPhases = (
				A53671111FB3D71D006E298E /* Sources */,
				A53671121FB3D71D006E298E /* Frameworks */,
				A53671131FB3D71D006E298E /* CopyFiles */,
			);
			buildRules = (
			);
			dependencies = (
			);
			name = Concate;
			productName = Concate;
			productReference = A53671151FB3D71D006E298E /* Concate */;
			productType = "com.apple.product-type.tool";
		};
/* End PBXNativeTarget section */

/* Begin PBXProject section */
		A536710D1FB3D71D006E298E /* Project object */ = {
			isa = PBXProject;
			attributes = {
				LastUpgradeCheck = 0900;
				ORGANIZATIONNAME = Zixia;
				TargetAttributes = {
					A53671141FB3D71D006E298E = {
						CreatedOnToolsVersion = 9.0.1;
						ProvisioningStyle = Automatic;
					};
				};
			};
			buildConfigurationList = A53671101FB3D71D006E298E /* Build configuration list for PBXProject "Concate" */;
			compatibilityVersion = "Xcode 8.0";
			developmentRegion = en;
			hasScannedForEncodings = 0;
			knownRegions = (
				en,
			);
			mainGroup = A536710C1FB3D71D006E298E;
			productRefGroup = A53671161FB3D71D006E298E /* Products */;
			projectDirPath = "";
			projectRoot = "";
			targets = (
				A53671141FB3D71D006E298E /* Concate */,
			);
		};
/* End PBXProject section */

/* Begin PBXSourcesBuildPhase section */
		A53671111FB3D71D006E298E /* Sources */ = {
			isa = PBXSourcesBuildPhase;
			buildActionMask = 2147483647;
			files = (
				A5799B5B1FBA706F00FD7C68 /* CheckIfConnected.cpp in Sources */,
			);
			runOnlyForDeploymentPostprocessing = 0;
		};
/* End PBXSourcesBuildPhase section */

/* Begin XCBuildConfiguration section */
		A536711A1FB3D71D006E298E /* Debug */ = {
			isa = XCBuildConfiguration;
			buildSettings = {
				ALWAYS_SEARCH_USER_PATHS = YES;
				CLANG_ANALYZER_NONNULL = YES;
				CLANG_ANALYZER_NUMBER_OBJECT_CONVERSION = YES_AGGRESSIVE;
				CLANG_CXX_LANGUAGE_STANDARD = "gnu++14";
				CLANG_CXX_LIBRARY = "libc++";
				CLANG_ENABLE_MODULES = YES;
				CLANG_ENABLE_OBJC_ARC = YES;
				CLANG_WARN_BLOCK_CAPTURE_AUTORELEASING = YES;
				CLANG_WARN_BOOL_CONVERSION = YES;
				CLANG_WARN_COMMA = YES;
				CLANG_WARN_CONSTANT_CONVERSION = YES;
				CLANG_WARN_DIRECT_OBJC_ISA_USAGE = YES_ERROR;
				CLANG_WARN_DOCUMENTATION_COMMENTS = YES;
				CLANG_WARN_EMPTY_BODY = YES;
				CLANG_WARN_ENUM_CONVERSION = YES;
				CLANG_WARN_INFINITE_RECURSION = YES;
				CLANG_WARN_INT_CONVERSION = YES;
				CLANG_WARN_NON_LITERAL_NULL_CONVERSION = YES;
				CLANG_WARN_OBJC_LITERAL_CONVERSION = YES;
				CLANG_WARN_OBJC_ROOT_CLASS = YES_ERROR;
				CLANG_WARN_RANGE_LOOP_ANALYSIS = YES;
				CLANG_WARN_STRICT_PROTOTYPES = YES;
				CLANG_WARN_SUSPICIOUS_MOVE = YES;
				CLANG_WARN_UNGUARDED_AVAILABILITY = YES_AGGRESSIVE;
				CLANG_WARN_UNREACHABLE_CODE = YES;
				CLANG_WARN__DUPLICATE_METHOD_MATCH = YES;
				CODE_SIGN_IDENTITY = "Mac Developer";
				COPY_PHASE_STRIP = NO;
				DEBUG_INFORMATION_FORMAT = dwarf;
				ENABLE_STRICT_OBJC_MSGSEND = YES;
				ENABLE_TESTABILITY = YES;
				GCC_C_LANGUAGE_STANDARD = gnu11;
				GCC_DYNAMIC_NO_PIC = NO;
				GCC_NO_COMMON_BLOCKS = YES;
				GCC_OPTIMIZATION_LEVEL = 0;
				GCC_PREPROCESSOR_DEFINITIONS = (
					"DEBUG=1",
					"$(inherited)",
				);
				GCC_WARN_64_TO_32_BIT_CONVERSION = YES;
				GCC_WARN_ABOUT_RETURN_TYPE = YES_ERROR;
				GCC_WARN_UNDECLARED_SELECTOR = YES;
				GCC_WARN_UNINITIALIZED_AUTOS = YES_AGGRESSIVE;
				GCC_WARN_UNUSED_FUNCTION = YES;
				GCC_WARN_UNUSED_VARIABLE = YES;
				HEADER_SEARCH_PATHS = /usr/local/include;
				LIBRARY_SEARCH_PATHS = "";
				MACOSX_DEPLOYMENT_TARGET = 10.12;
				MTL_ENABLE_DEBUG_INFO = YES;
				ONLY_ACTIVE_ARCH = YES;
				OTHER_CPLUSPLUSFLAGS = "";
				OTHER_LDFLAGS = (
					"-I/usr/local/include",
					"-L/usr/local/lib",
					"-lgsl",
					"-lgslcblas",
					"-I/usr/local/include",
					"-L/usr/local/lib",
					"-lgsl",
					"-lgslcblas",
					"-I/usr/local/include",
					"-L/usr/local/lib",
					"-lgsl",
					"-lgslcblas",
				);
				SDKROOT = macosx;
				SYSTEM_HEADER_SEARCH_PATHS = "";
				USER_HEADER_SEARCH_PATHS = "";
			};
			name = Debug;
		};
		A536711B1FB3D71D006E298E /* Release */ = {
			isa = XCBuildConfiguration;
			buildSettings = {
				ALWAYS_SEARCH_USER_PATHS = YES;
				CLANG_ANALYZER_NONNULL = YES;
				CLANG_ANALYZER_NUMBER_OBJECT_CONVERSION = YES_AGGRESSIVE;
				CLANG_CXX_LANGUAGE_STANDARD = "gnu++14";
				CLANG_CXX_LIBRARY = "libc++";
				CLANG_ENABLE_MODULES = YES;
				CLANG_ENABLE_OBJC_ARC = YES;
				CLANG_WARN_BLOCK_CAPTURE_AUTORELEASING = YES;
				CLANG_WARN_BOOL_CONVERSION = YES;
				CLANG_WARN_COMMA = YES;
				CLANG_WARN_CONSTANT_CONVERSION = YES;
				CLANG_WARN_DIRECT_OBJC_ISA_USAGE = YES_ERROR;
				CLANG_WARN_DOCUMENTATION_COMMENTS = YES;
				CLANG_WARN_EMPTY_BODY = YES;
				CLANG_WARN_ENUM_CONVERSION = YES;
				CLANG_WARN_INFINITE_RECURSION = YES;
				CLANG_WARN_INT_CONVERSION = YES;
				CLANG_WARN_NON_LITERAL_NULL_CONVERSION = YES;
				CLANG_WARN_OBJC_LITERAL_CONVERSION = YES;
				CLANG_WARN_OBJC_ROOT_CLASS = YES_ERROR;
				CLANG_WARN_RANGE_LOOP_ANALYSIS = YES;
				CLANG_WARN_STRICT_PROTOTYPES = YES;
				CLANG_WARN_SUSPICIOUS_MOVE = YES;
				CLANG_WARN_UNGUARDED_AVAILABILITY = YES_AGGRESSIVE;
				CLANG_WARN_UNREACHABLE_CODE = YES;
				CLANG_WARN__DUPLICATE_METHOD_MATCH = YES;
				CODE_SIGN_IDENTITY = "Mac Developer";
				COPY_PHASE_STRIP = NO;
				DEBUG_INFORMATION_FORMAT = "dwarf-with-dsym";
				ENABLE_NS_ASSERTIONS = NO;
				ENABLE_STRICT_OBJC_MSGSEND = YES;
				GCC_C_LANGUAGE_STANDARD = gnu11;
				GCC_NO_COMMON_BLOCKS = YES;
				GCC_WARN_64_TO_32_BIT_CONVERSION = YES;
				GCC_WARN_ABOUT_RETURN_TYPE = YES_ERROR;
				GCC_WARN_UNDECLARED_SELECTOR = YES;
				GCC_WARN_UNINITIALIZED_AUTOS = YES_AGGRESSIVE;
				GCC_WARN_UNUSED_FUNCTION = YES;
				GCC_WARN_UNUSED_VARIABLE = YES;
				HEADER_SEARCH_PATHS = /usr/local/include;
				LIBRARY_SEARCH_PATHS = "";
				MACOSX_DEPLOYMENT_TARGET = 10.12;
				MTL_ENABLE_DEBUG_INFO = NO;
				OTHER_CPLUSPLUSFLAGS = "";
				OTHER_LDFLAGS = (
					"-I/usr/local/include",
					"-L/usr/local/lib",
					"-lgsl",
					"-lgslcblas",
					"-I/usr/local/include",
					"-L/usr/local/lib",
					"-lgsl",
					"-lgslcblas",
					"-I/usr/local/include",
					"-L/usr/local/lib",
					"-lgsl",
					"-lgslcblas",
				);
				SDKROOT = macosx;
				SYSTEM_HEADER_SEARCH_PATHS = "";
				USER_HEADER_SEARCH_PATHS = "";
			};
			name = Release;
		};
		A536711D1FB3D71D006E298E /* Debug */ = {
			isa = XCBuildConfiguration;
			buildSettings = {
				CODE_SIGN_STYLE = Automatic;
				DEVELOPMENT_TEAM = 684HF2X5AW;
				PRODUCT_NAME = "$(TARGET_NAME)";
			};
			name = Debug;
		};
		A536711E1FB3D71D006E298E /* Release */ = {
			isa = XCBuildConfiguration;
			buildSettings = {
				CODE_SIGN_STYLE = Automatic;
				DEVELOPMENT_TEAM = 684HF2X5AW;
				PRODUCT_NAME = "$(TARGET_NAME)";
			};
			name = Release;
		};
/* End XCBuildConfiguration section */

/* Begin XCConfigurationList section */
		A53671101FB3D71D006E298E /* Build configuration list for PBXProject "Concate" */ = {
			isa = XCConfigurationList;
			buildConfigurations = (
				A536711A1FB3D71D006E298E /* Debug */,
				A536711B1FB3D71D006E298E /* Release */,
			);
			defaultConfigurationIsVisible = 0;
			defaultConfigurationName = Release;
		};
		A536711C1FB3D71D006E298E /* Build configuration list for PBXNativeTarget "Concate" */ = {
			isa = XCConfigurationList;
			buildConfigurations = (
				A536711D1FB3D71D006E298E /* Debug */,
				A536711E1FB3D71D006E298E /* Release */,
			);
			defaultConfigurationIsVisible = 0;
			defaultConfigurationName = Release;
		};
/* End XCConfigurationList section */
	};
	rootObject = A536710D1FB3D71D006E298E /* Project object */;
}
